{
  "requires": true,
  "lockfileVersion": 1,
  "dependencies": {
    "node-fetch": {
      "version": "2.6.0",
      "resolved": "https://registry.npmjs.org/node-fetch/-/node-fetch-2.6.0.tgz",
      "integrity": "sha512-8dG4H5ujfvFiqDmVu9fQ5bOHUC15JMjMY/Zumv26oOvvVJjM67KF8koCWIabKQ1GJIa9r2mMZscBq/TbdOcmNA=="
    },
    "typetalk": {
      "version": "0.0.3",
      "resolved": "https://registry.npmjs.org/typetalk/-/typetalk-0.0.3.tgz",
      "integrity": "sha512-rV1S4ECL83XERAN+9ZFWypo3GwYTm+EdVCkymH032UrzQwmh0jzV3Ivb79cfLzOrm1WB396OkEpoHGZbkYpbPg==",
      "requires": {
        "node-fetch": "^2.3.0"
      }
    }
  }
}
