{
  "requires": true,
  "lockfileVersion": 1,
  "dependencies": {
    "node-fetch": {
      "version": "2.6.1",
      "resolved": "https://registry.npmjs.org/node-fetch/-/node-fetch-2.6.1.tgz",
      "integrity": "sha512-V4aYg89jEoVRxRb2fJdAg8FHvI7cEyYdVAh94HH0UIK8oJxUfkjlDQN9RbMx+bEjP7+ggMiFRprSti032Oipxw=="
    },
    "typetalk": {
      "version": "0.0.9",
      "resolved": "https://registry.npmjs.org/typetalk/-/typetalk-0.0.9.tgz",
      "integrity": "sha512-L0x5dWaIUmm2g/xzs6kJK86VikfZ90vuaKQt6dcP0tBTdqulsjD1v0ryes9hqikWK4OCvoqMIx+vw8qU5XHr4g==",
      "requires": {
        "node-fetch": "^2.3.0"
      }
    }
  }
}
